
Microsoft Visual Studio Solution File, Format Version 12.00
# Visual Studio Version 18
VisualStudioVersion = 18.3.11415.281 d18.3
MinimumVisualStudioVersion = 10.0.40219.1
Project("{FAE04EC0-301F-11D3-BF4B-00C04F79EFBC}") = "AgentOrchestrator", "AgentOrchestrator.csproj", "{EE1F7898-DE1D-30E8-C105-2FF67FDCE65F}"
EndProject
Global
	GlobalSection(SolutionConfigurationPlatforms) = preSolution
		Debug|Any CPU = Debug|Any CPU
		Release|Any CPU = Release|Any CPU
	EndGlobalSection
	GlobalSection(ProjectConfigurationPlatforms) = postSolution
		{EE1F7898-DE1D-30E8-C105-2FF67FDCE65F}.Debug|Any CPU.ActiveCfg = Debug|Any CPU
		{EE1F7898-DE1D-30E8-C105-2FF67FDCE65F}.Debug|Any CPU.Build.0 = Debug|Any CPU
		{EE1F7898-DE1D-30E8-C105-2FF67FDCE65F}.Release|Any CPU.ActiveCfg = Release|Any CPU
		{EE1F7898-DE1D-30E8-C105-2FF67FDCE65F}.Release|Any CPU.Build.0 = Release|Any CPU
	EndGlobalSection
	GlobalSection(SolutionProperties) = preSolution
		HideSolutionNode = FALSE
	EndGlobalSection
	GlobalSection(ExtensibilityGlobals) = postSolution
		SolutionGuid = {9C0EE785-8797-46CC-B9E6-F17F68070365}
	EndGlobalSection
EndGlobal
